
Microsoft Visual Studio Solution File, Format Version 12.00
# Visual Studio Version 17
VisualStudioVersion = 17.1.32319.34
MinimumVisualStudioVersion = 10.0.40219.1
Project("{FAE04EC0-301F-11D3-BF4B-00C04F79EFBC}") = "WrapingListBox", "WrapingListBox\WrapingListBox.csproj", "{1CC01F46-7DE2-43D0-9402-B038CBFABCFD}"
EndProject
Global
	GlobalSection(SolutionConfigurationPlatforms) = preSolution
		Debug|Any CPU = Debug|Any CPU
		Release|Any CPU = Release|Any CPU
	EndGlobalSection
	GlobalSection(ProjectConfigurationPlatforms) = postSolution
		{1CC01F46-7DE2-43D0-9402-B038CBFABCFD}.Debug|Any CPU.ActiveCfg = Debug|Any CPU
		{1CC01F46-7DE2-43D0-9402-B038CBFABCFD}.Debug|Any CPU.Build.0 = Debug|Any CPU
		{1CC01F46-7DE2-43D0-9402-B038CBFABCFD}.Release|Any CPU.ActiveCfg = Release|Any CPU
		{1CC01F46-7DE2-43D0-9402-B038CBFABCFD}.Release|Any CPU.Build.0 = Release|Any CPU
	EndGlobalSection
	GlobalSection(SolutionProperties) = preSolution
		HideSolutionNode = FALSE
	EndGlobalSection
	GlobalSection(ExtensibilityGlobals) = postSolution
		SolutionGuid = {0EDB02B7-7ACE-46C6-9335-27DA1E7095EE}
	EndGlobalSection
EndGlobal
